
Microsoft Visual Studio Solution File, Format Version 12.00
# Visual Studio Version 16
VisualStudioVersion = 16.0.29009.5
MinimumVisualStudioVersion = 10.0.40219.1
Project("{FAE04EC0-301F-11D3-BF4B-00C04F79EFBC}") = "Veiculos", "Veiculos\Veiculos.csproj", "{AA52BA16-AE68-4845-B714-43952F9A4475}"
EndProject
Global
	GlobalSection(SolutionConfigurationPlatforms) = preSolution
		Debug|Any CPU = Debug|Any CPU
		Release|Any CPU = Release|Any CPU
	EndGlobalSection
	GlobalSection(ProjectConfigurationPlatforms) = postSolution
		{AA52BA16-AE68-4845-B714-43952F9A4475}.Debug|Any CPU.ActiveCfg = Debug|Any CPU
		{AA52BA16-AE68-4845-B714-43952F9A4475}.Debug|Any CPU.Build.0 = Debug|Any CPU
		{AA52BA16-AE68-4845-B714-43952F9A4475}.Release|Any CPU.ActiveCfg = Release|Any CPU
		{AA52BA16-AE68-4845-B714-43952F9A4475}.Release|Any CPU.Build.0 = Release|Any CPU
	EndGlobalSection
	GlobalSection(SolutionProperties) = preSolution
		HideSolutionNode = FALSE
	EndGlobalSection
	GlobalSection(ExtensibilityGlobals) = postSolution
		SolutionGuid = {DD89B670-0233-4026-AAC7-8E526CB3FDD7}
	EndGlobalSection
EndGlobal
